
Microsoft Visual Studio Solution File, Format Version 12.00
# Visual Studio 2013
VisualStudioVersion = 12.0.30723.0
MinimumVisualStudioVersion = 10.0.40219.1
Project("{FAE04EC0-301F-11D3-BF4B-00C04F79EFBC}") = "Timesharp", "Timesharp\Timesharp.csproj", "{373E56E1-780A-464D-B2B0-61F7AA8D5690}"
EndProject
Project("{FAE04EC0-301F-11D3-BF4B-00C04F79EFBC}") = "Timesharp.Tests", "Timesharp.Tests\Timesharp.Tests.csproj", "{DA8D8188-1645-4A4A-AA21-81EAFD7D78F1}"
EndProject
Global
	GlobalSection(SolutionConfigurationPlatforms) = preSolution
		Debug|Any CPU = Debug|Any CPU
		Release|Any CPU = Release|Any CPU
	EndGlobalSection
	GlobalSection(ProjectConfigurationPlatforms) = postSolution
		{373E56E1-780A-464D-B2B0-61F7AA8D5690}.Debug|Any CPU.ActiveCfg = Debug|Any CPU
		{373E56E1-780A-464D-B2B0-61F7AA8D5690}.Debug|Any CPU.Build.0 = Debug|Any CPU
		{373E56E1-780A-464D-B2B0-61F7AA8D5690}.Release|Any CPU.ActiveCfg = Release|Any CPU
		{373E56E1-780A-464D-B2B0-61F7AA8D5690}.Release|Any CPU.Build.0 = Release|Any CPU
		{DA8D8188-1645-4A4A-AA21-81EAFD7D78F1}.Debug|Any CPU.ActiveCfg = Debug|Any CPU
		{DA8D8188-1645-4A4A-AA21-81EAFD7D78F1}.Debug|Any CPU.Build.0 = Debug|Any CPU
		{DA8D8188-1645-4A4A-AA21-81EAFD7D78F1}.Release|Any CPU.ActiveCfg = Release|Any CPU
		{DA8D8188-1645-4A4A-AA21-81EAFD7D78F1}.Release|Any CPU.Build.0 = Release|Any CPU
	EndGlobalSection
	GlobalSection(SolutionProperties) = preSolution
		HideSolutionNode = FALSE
	EndGlobalSection
EndGlobal
